
Microsoft Visual Studio Solution File, Format Version 12.00
# Visual Studio Version 17
VisualStudioVersion = 17.10.34928.147
MinimumVisualStudioVersion = 10.0.40219.1
Project("{FAE04EC0-301F-11D3-BF4B-00C04F79EFBC}") = "PresuMVC", "PresuMVC\PresuMVC.csproj", "{27A5A1DA-C181-4114-99F5-9C139368241C}"
EndProject
Global
	GlobalSection(SolutionConfigurationPlatforms) = preSolution
		Debug|Any CPU = Debug|Any CPU
		Release|Any CPU = Release|Any CPU
	EndGlobalSection
	GlobalSection(ProjectConfigurationPlatforms) = postSolution
		{27A5A1DA-C181-4114-99F5-9C139368241C}.Debug|Any CPU.ActiveCfg = Debug|Any CPU
		{27A5A1DA-C181-4114-99F5-9C139368241C}.Debug|Any CPU.Build.0 = Debug|Any CPU
		{27A5A1DA-C181-4114-99F5-9C139368241C}.Release|Any CPU.ActiveCfg = Release|Any CPU
		{27A5A1DA-C181-4114-99F5-9C139368241C}.Release|Any CPU.Build.0 = Release|Any CPU
	EndGlobalSection
	GlobalSection(SolutionProperties) = preSolution
		HideSolutionNode = FALSE
	EndGlobalSection
	GlobalSection(ExtensibilityGlobals) = postSolution
		SolutionGuid = {FB9E6642-2A2B-47E9-AAEC-2D35998D6CA3}
	EndGlobalSection
EndGlobal
